# THIS IS AN AUTOGENERATED FILE. DO NOT EDIT THIS FILE DIRECTLY.
# yarn lockfile v1


"@anthropic-ai/claude-agent-sdk-darwin-arm64@0.3.198":
  version "0.3.198"
  resolved "https://registry.yarnpkg.com/@anthropic-ai/claude-agent-sdk-darwin-arm64/-/claude-agent-sdk-darwin-arm64-0.3.198.tgz#51353db9065200b8bdebf24a730bddc0bb21d104"
  integrity sha512-ZmiAybQKIKcP1qEAE/vfXvfxtKxG9CnJn98QTXC5Zxiwuy7Mllx2ALXh9dfmsf0V87CGEodlZQmMgUJotNIsUw==

"@anthropic-ai/claude-agent-sdk-darwin-x64@0.3.198":
  version "0.3.198"
  resolved "https://registry.yarnpkg.com/@anthropic-ai/claude-agent-sdk-darwin-x64/-/claude-agent-sdk-darwin-x64-0.3.198.tgz#2b92ad15449cb0ffd5eb048d108d438ced74c753"
  integrity sha512-XwH5vgN46WSwg8aC1OagNofnJpV/G1ciEu118GEKer8ZhVkq/dvK/DqShxMkb6r1jV7u5IJ7zPXu9uKliyNJAw==

"@anthropic-ai/claude-agent-sdk-linux-arm64-musl@0.3.198":
  version "0.3.198"
  resolved "https://registry.yarnpkg.com/@anthropic-ai/claude-agent-sdk-linux-arm64-musl/-/claude-agent-sdk-linux-arm64-musl-0.3.198.tgz#1cd0517d4c4d008ace98de33399584bca741ea61"
  integrity sha512-Q7lKVNjIrUQ2B/AR77OvRf0zeOdEjonFVaR9FYrrwtzGeEqum69WSht5nM7Y7el3wjbNi0/eV0QTUM0DlsTEfw==

"@anthropic-ai/claude-agent-sdk-linux-arm64@0.3.198":
  version "0.3.198"
  resolved "https://registry.yarnpkg.com/@anthropic-ai/claude-agent-sdk-linux-arm64/-/claude-agent-sdk-linux-arm64-0.3.198.tgz#c19bfcfcbf6b5bab6b58e7cb064480c0c917c791"
  integrity sha512-qmz8dxEtDIlKntU5qYe0R4aWTxTue5S7zIQknatLX7aJ6HN/nq1aCNXWn5smTH2FViBkUPPR+sCIsNwSk6AT6Q==

"@anthropic-ai/claude-agent-sdk-linux-x64-musl@0.3.198":
  version "0.3.198"
  resolved "https://registry.yarnpkg.com/@anthropic-ai/claude-agent-sdk-linux-x64-musl/-/claude-agent-sdk-linux-x64-musl-0.3.198.tgz#4e5e5f91134114d88cf5a99aeac2858a96ec327e"
  integrity sha512-h1SrWVIMjLInYNPlf+TxXuKTOdoiOfJLBSoQG97315Z2Nh0IpBfqWExlqYTtPCgKE7q2iga31U283QfHpIDlSQ==

"@anthropic-ai/claude-agent-sdk-linux-x64@0.3.198":
  version "0.3.198"
  resolved "https://registry.yarnpkg.com/@anthropic-ai/claude-agent-sdk-linux-x64/-/claude-agent-sdk-linux-x64-0.3.198.tgz#6d598b15bdee5c2f9e8b741f0543f8c02a11ab4b"
  integrity sha512-Zqxyz2AT1UM5WlOOoLJhLssZDgZo8rBK5ku6daveK12zp+UTJGZhGsjFghz1/ASxH08KqOTbUePNTORnPhHAEQ==

"@anthropic-ai/claude-agent-sdk-win32-arm64@0.3.198":
  version "0.3.198"
  resolved "https://registry.yarnpkg.com/@anthropic-ai/claude-agent-sdk-win32-arm64/-/claude-agent-sdk-win32-arm64-0.3.198.tgz#b8916e0d4eab29ea44308f5adc0f2aca62e1e75d"
  integrity sha512-mjIHf1HFiRuXefewWTaNZFlTZlCaEt/xsRjc1nSTCEEpFolZayVhrDKz+O2QFVcDtPl8x8GeYSL0kiikg1DZjQ==

"@anthropic-ai/claude-agent-sdk-win32-x64@0.3.198":
  version "0.3.198"
  resolved "https://registry.yarnpkg.com/@anthropic-ai/claude-agent-sdk-win32-x64/-/claude-agent-sdk-win32-x64-0.3.198.tgz#7b3b3e2714426521b5760e5bc4d2ee7ca6c7fcb6"
  integrity sha512-y3HLuCCz1kDwUrhd6OnqO+d5BUpTFSzNUsPT9kf3r1vk9HYKF+eMC9eIlcOhiW2kX491kxEvuEOfqgIkGx15cg==

"@anthropic-ai/claude-agent-sdk@^0.3.198":
  version "0.3.198"
  resolved "https://registry.yarnpkg.com/@anthropic-ai/claude-agent-sdk/-/claude-agent-sdk-0.3.198.tgz#4f447f631b34209fe9703ea5f489a0b7e88f57b9"
  integrity sha512-xt469sSCyclTPtzpLAg0Aschy665GiRMgZKabSmESbGUA5/H56HcILVOiFxclXswkeMUk2fQxfHJUY9UZfiTnA==
  optionalDependencies:
    "@anthropic-ai/claude-agent-sdk-darwin-arm64" "0.3.198"
    "@anthropic-ai/claude-agent-sdk-darwin-x64" "0.3.198"
    "@anthropic-ai/claude-agent-sdk-linux-arm64" "0.3.198"
    "@anthropic-ai/claude-agent-sdk-linux-arm64-musl" "0.3.198"
    "@anthropic-ai/claude-agent-sdk-linux-x64" "0.3.198"
    "@anthropic-ai/claude-agent-sdk-linux-x64-musl" "0.3.198"
    "@anthropic-ai/claude-agent-sdk-win32-arm64" "0.3.198"
    "@anthropic-ai/claude-agent-sdk-win32-x64" "0.3.198"

"@emnapi/core@1.11.1":
  version "1.11.1"
  resolved "https://registry.yarnpkg.com/@emnapi/core/-/core-1.11.1.tgz#b9e1064f3a6b1631e241e638eb48d736bfd372a6"
  integrity sha512-RSvbQmHzdKzNsLYa/wHrbc3KN4sYLKAdPZxqiM2HATqv/SBk2/ENSHpvXGaLOMcsAyz0poEGqkmmKYG3OWiJEQ==
  dependencies:
    "@emnapi/wasi-threads" "1.2.2"
    tslib "^2.4.0"

"@emnapi/runtime@1.11.1":
  version "1.11.1"
  resolved "https://registry.yarnpkg.com/@emnapi/runtime/-/runtime-1.11.1.tgz#58f1f3d5d81a9b12f793ab688c96371901027c24"
  integrity sha512-vgj7R3y3Wgx24IQaGPA/R6YFXLHVMOZ0uVEyIQPaWs+rd1AzfEMXlAC22FYwO1XkKR6NPsq7mUandH8oIRdZFw==
  dependencies:
    tslib "^2.4.0"

"@emnapi/wasi-threads@1.2.2":
  version "1.2.2"
  resolved "https://registry.yarnpkg.com/@emnapi/wasi-threads/-/wasi-threads-1.2.2.tgz#4c93becf5bfa3b13d1bbdcc06aee38321ad8139a"
  integrity sha512-c95qOXkHdydNKhscBTebqEC1CVAZpyqOfVfBzQ1qgzyl3gfeldUjIggDbIZgDKsHLgnsM+igH7TJ/eAasaVuMA==
  dependencies:
    tslib "^2.4.0"

"@jridgewell/sourcemap-codec@^1.5.5":
  version "1.5.5"
  resolved "https://registry.yarnpkg.com/@jridgewell/sourcemap-codec/-/sourcemap-codec-1.5.5.tgz#6912b00d2c631c0d15ce1a7ab57cd657f2a8f8ba"
  integrity sha512-cYQ9310grqxueWbl+WuIUIaiUaDcj7WOq5fVhEljNVgRfOUhY9fy2zTvfoqWsnebh8Sl70VScFbICvJnLKB0Og==

"@napi-rs/wasm-runtime@^1.1.6":
  version "1.1.6"
  resolved "https://registry.yarnpkg.com/@napi-rs/wasm-runtime/-/wasm-runtime-1.1.6.tgz#ed33806d0f9be98dc76d0c3d4fd872fda701b5d5"
  integrity sha512-ZLv/JdUfkvOy9eCnnBaGfiO+XimbjebAeO+MRQqD/B+FR1tnRN0tpKSJHRbE8sFfS6aqsXZ67TQjfwfsxULVbg==
  dependencies:
    "@tybys/wasm-util" "^0.10.3"

"@oxc-project/types@=0.138.0":
  version "0.138.0"
  resolved "https://registry.yarnpkg.com/@oxc-project/types/-/types-0.138.0.tgz#ce9690ec80144b4c38dfed44e76a67b911df9aca"
  integrity sha512-1a7ZKmrRTCoN1XMZ4L0PyyqrMnrNlLyPuOkdSX2MZg7IiIGRUyurNhAm73ptDOraoBcIordsIGKNPKUzy3ZmfA==

"@rolldown/binding-android-arm64@1.1.4":
  version "1.1.4"
  resolved "https://registry.yarnpkg.com/@rolldown/binding-android-arm64/-/binding-android-arm64-1.1.4.tgz#6c31f378f42d5ea75b37970d2add539682264792"
  integrity sha512-EZLpf/8y7GXkkra90ML47kzik/GMP3EMcE9bPyHmRfxLC6z9+aW5A8poCsoxjrT5GfEcNAAvWwUHjvP1pUQkfw==

"@rolldown/binding-darwin-arm64@1.1.4":
  version "1.1.4"
  resolved "https://registry.yarnpkg.com/@rolldown/binding-darwin-arm64/-/binding-darwin-arm64-1.1.4.tgz#1dbbbbaf2b00d13b32127cbf3a379d6ef69fd647"
  integrity sha512-aUi+HBvmYb7j8krl1+qJgkG8C17fO79gk3c+jPw4S8glRFc1DTija9S3EyaTSQUm5GJXYKDAsugBEhFHH2vYiQ==

"@rolldown/binding-darwin-x64@1.1.4":
  version "1.1.4"
  resolved "https://registry.yarnpkg.com/@rolldown/binding-darwin-x64/-/binding-darwin-x64-1.1.4.tgz#3b8f76dfd462e28e8914e7ded63647194866329f"
  integrity sha512-F7hHC3gwY11+vByKPRWqwGbeXWVgKmL+pTGCinaEhdihzBV2aQ0fvZOch9cXYUOKuKKq429HeYXOqQLc7wFCEg==

"@rolldown/binding-freebsd-x64@1.1.4":
  version "1.1.4"
  resolved "https://registry.yarnpkg.com/@rolldown/binding-freebsd-x64/-/binding-freebsd-x64-1.1.4.tgz#7f3f82c6a7b9fcec4e24c29e89d8343c9c72d403"
  integrity sha512-sI5yw+7s92SK6odiEhD5lKCBlWcpjHS5qyqpVQbZAJ0fIzEUXrmbl3DH2ybR3PZogulNJF+COLtmA8hUfvkCCQ==

"@rolldown/binding-linux-arm-gnueabihf@1.1.4":
  version "1.1.4"
  resolved "https://registry.yarnpkg.com/@rolldown/binding-linux-arm-gnueabihf/-/binding-linux-arm-gnueabihf-1.1.4.tgz#baee435c7addf84e58fee72c70e98acc603aba3e"
  integrity sha512-mCi0OKgEieFircrtVYmQAFGszRtMnZ6fpZAXrxanXAu7lqZcsK1E1RAaZNG0uKAnxox3B1f4EyQNnoyMfN1vAA==

"@rolldown/binding-linux-arm64-gnu@1.1.4":
  version "1.1.4"
  resolved "https://registry.yarnpkg.com/@rolldown/binding-linux-arm64-gnu/-/binding-linux-arm64-gnu-1.1.4.tgz#cc8c63913bac68bf1f49a0d095634e09008741ce"
  integrity sha512-B9Ial3Kv5sh0SHnB1g/QWcUQCEvCF6QKGAl4zXypYj65mVI+B4AhFBwPtSN7pDrJeIx8Z7zdy4ntx+wQABom7w==

"@rolldown/binding-linux-arm64-musl@1.1.4":
  version "1.1.4"
  resolved "https://registry.yarnpkg.com/@rolldown/binding-linux-arm64-musl/-/binding-linux-arm64-musl-1.1.4.tgz#aaa1d02f5ee705bd6812ff84ab1f7752ba4e4497"
  integrity sha512-lZVym0PuHE1KZ22gmFTC15lAkrg9iTszR617oYRB/iPY1A56ywoJzVKOJBKaot5RiikCObmur6pogpse3gRcng==

"@rolldown/binding-linux-ppc64-gnu@1.1.4":
  version "1.1.4"
  resolved "https://registry.yarnpkg.com/@rolldown/binding-linux-ppc64-gnu/-/binding-linux-ppc64-gnu-1.1.4.tgz#9e26bb9ba2a846039902270b778d1d3ba0b62033"
  integrity sha512-t2DNiLJWNTbnEHyUzTumldML6ET4/g16467LZoDDJ3tSxGvguL5/NyC2lCsNKuyRycg9XeDQF5SSv+TNOhQEXg==

"@rolldown/binding-linux-s390x-gnu@1.1.4":
  version "1.1.4"
  resolved "https://registry.yarnpkg.com/@rolldown/binding-linux-s390x-gnu/-/binding-linux-s390x-gnu-1.1.4.tgz#d9ec4d5b1bd6f8029072670da9f0d58e728e8c44"
  integrity sha512-0WIRnL1Uw4BvTZRLQt+PVgo6ZKTJadlC2btP+/EOXv2f/DWbY0rEgl+y834mIVwP1FkTlWVTrGGJXf12lru7EQ==

"@rolldown/binding-linux-x64-gnu@1.1.4":
  version "1.1.4"
  resolved "https://registry.yarnpkg.com/@rolldown/binding-linux-x64-gnu/-/binding-linux-x64-gnu-1.1.4.tgz#6cc9cad61ea020ac2191037755a36f8fcfa11434"
  integrity sha512-JWtGshGfX+oENAKonoNkqEJX+7hC8yfhi9GUyPX1VX4mdh1y5r+ZiJLR5XzAB0aoP6s/PcILsGjKq8O0mm24bw==

"@rolldown/binding-linux-x64-musl@1.1.4":
  version "1.1.4"
  resolved "https://registry.yarnpkg.com/@rolldown/binding-linux-x64-musl/-/binding-linux-x64-musl-1.1.4.tgz#d23df39a184be427877da934fc3c30e3f25cd686"
  integrity sha512-rT6yQcxUuXs4CnbofqwHRRV0iem349rLMYpTjkgQGLjrY4ado/eDzwPZPTCgTOlF6Nkp8NEv70yLMTn6qkWxsQ==

"@rolldown/binding-openharmony-arm64@1.1.4":
  version "1.1.4"
  resolved "https://registry.yarnpkg.com/@rolldown/binding-openharmony-arm64/-/binding-openharmony-arm64-1.1.4.tgz#189d1a062624f57f9b0a52f94163d51b6aa692ab"
  integrity sha512-KXMGoboq5cyaCQjDA4GLuRiOwBQ0EyFnJoVViLeZ45/3rFItRODEr+NdsBcVpll40hhNArlm/speWGRvj08LzA==

"@rolldown/binding-wasm32-wasi@1.1.4":
  version "1.1.4"
  resolved "https://registry.yarnpkg.com/@rolldown/binding-wasm32-wasi/-/binding-wasm32-wasi-1.1.4.tgz#98c634b91a9abf5de74b8402aa8063fb5044efd4"
  integrity sha512-5K83rb36oJiY7BCyE9zLZtGcPV4g5wvq+xwdO0XPIwDVZI8cyB/AUjkNXGb92/rnmezEkjMOpgY61rtwjQtFwg==
  dependencies:
    "@emnapi/core" "1.11.1"
    "@emnapi/runtime" "1.11.1"
    "@napi-rs/wasm-runtime" "^1.1.6"

"@rolldown/binding-win32-arm64-msvc@1.1.4":
  version "1.1.4"
  resolved "https://registry.yarnpkg.com/@rolldown/binding-win32-arm64-msvc/-/binding-win32-arm64-msvc-1.1.4.tgz#1c8c8515c811ae28fc26355079b80f617fdddb0b"
  integrity sha512-PnWBtw3TV5KOg69HQQDR0mnQuyCmSGR2pAB4DC1rPF808fgKeTUMj2EOEyKATpgiuxuR5APQmiDO7PDgEjTFSA==

"@rolldown/binding-win32-x64-msvc@1.1.4":
  version "1.1.4"
  resolved "https://registry.yarnpkg.com/@rolldown/binding-win32-x64-msvc/-/binding-win32-x64-msvc-1.1.4.tgz#e14b1ef53473f51a4180d9b46c5f0cea9f1713cb"
  integrity sha512-M1lpniBePobTfsa7Ks9a199e1akxsXn+GYBUKsEzv3YFzOm1HJAMNwKI3qr0Zq+mxwx9gOZoTdP1yXRYsZUocQ==

"@rolldown/pluginutils@^1.0.0":
  version "1.0.1"
  resolved "https://registry.yarnpkg.com/@rolldown/pluginutils/-/pluginutils-1.0.1.tgz#e3fcee093fbb5ce765e1ad088ff4de2889f6f9be"
  integrity sha512-2j9bGt5Jh8hj+vPtgzPtl72j0yRxHAyumoo6TNfAjsLB04UtpSvPbPcDcBMxz7n+9CYB0c1GxQFxYRg2jimqGw==

"@standard-schema/spec@^1.1.0":
  version "1.1.0"
  resolved "https://registry.yarnpkg.com/@standard-schema/spec/-/spec-1.1.0.tgz#a79b55dbaf8604812f52d140b2c9ab41bc150bb8"
  integrity sha512-l2aFy5jALhniG5HgqrD6jXLi/rUWrKvqN/qJx6yoJsgKhblVd+iqqU4RCXavm/jPityDo5TCvKMnpjKnOriy0w==

"@tybys/wasm-util@^0.10.3":
  version "0.10.3"
  resolved "https://registry.yarnpkg.com/@tybys/wasm-util/-/wasm-util-0.10.3.tgz#015cba9e9dd47ce14d03d2a8c5d547bfb169665d"
  integrity sha512-F3fo1MYrRJYL3zER0OUOmkutjr1Vp23m7OsSgp7nq4SP6OqX6C/56XFIPAl5bt3zaBRjmW7SGz3u/6LwFpYcOg==
  dependencies:
    tslib "^2.4.0"

"@types/chai@^5.2.2":
  version "5.2.3"
  resolved "https://registry.yarnpkg.com/@types/chai/-/chai-5.2.3.tgz#8e9cd9e1c3581fa6b341a5aed5588eb285be0b4a"
  integrity sha512-Mw558oeA9fFbv65/y4mHtXDs9bPnFMZAL/jxdPFUpOHHIXX91mcgEHbS5Lahr+pwZFR8A7GQleRWeI6cGFC2UA==
  dependencies:
    "@types/deep-eql" "*"
    assertion-error "^2.0.1"

"@types/deep-eql@*":
  version "4.0.2"
  resolved "https://registry.yarnpkg.com/@types/deep-eql/-/deep-eql-4.0.2.tgz#334311971d3a07121e7eb91b684a605e7eea9cbd"
  integrity sha512-c9h9dVVMigMPc4bwTvC5dxqtqJZwQPePsWjPlpSOnojbor6pGqdk541lfA7AqFQr5pB1BRdq0juY9db81BwyFw==

"@types/estree@^1.0.0":
  version "1.0.9"
  resolved "https://registry.yarnpkg.com/@types/estree/-/estree-1.0.9.tgz#cf3f0e876d7bee15a93ab925b82bf570a3904a24"
  integrity sha512-GhdPgy1el4/ImP05X05Uw4cw2/M93BCUmnEvWZNStlCzEKME4Fkk+YpoA5OiHNQmoS7Cafb8Xa3Pya8m1Qrzeg==

"@types/fs-extra@^11.0.4":
  version "11.0.4"
  resolved "https://registry.yarnpkg.com/@types/fs-extra/-/fs-extra-11.0.4.tgz#e16a863bb8843fba8c5004362b5a73e17becca45"
  integrity sha512-yTbItCNreRooED33qjunPthRcSjERP1r4MqCZc7wv0u2sUkzTFp45tgUfS5+r7FrZPdmCCNflLhVSP/o+SemsQ==
  dependencies:
    "@types/jsonfile" "*"
    "@types/node" "*"

"@types/jsonfile@*":
  version "6.1.4"
  resolved "https://registry.yarnpkg.com/@types/jsonfile/-/jsonfile-6.1.4.tgz#614afec1a1164e7d670b4a7ad64df3e7beb7b702"
  integrity sha512-D5qGUYwjvnNNextdU59/+fI+spnwtTFmyQP0h+PfIOSkNfpU6AOICUOkm4i0OnSk+NyjdPJrxCDro0sJsWlRpQ==
  dependencies:
    "@types/node" "*"

"@types/node-fetch@^2.6.4":
  version "2.6.13"
  resolved "https://registry.yarnpkg.com/@types/node-fetch/-/node-fetch-2.6.13.tgz#e0c9b7b5edbdb1b50ce32c127e85e880872d56ee"
  integrity sha512-QGpRVpzSaUs30JBSGPjOg4Uveu384erbHBoT1zeONvyCfwQxIkUshLAOqN/k9EjGviPRmWTTe6aH2qySWKTVSw==
  dependencies:
    "@types/node" "*"
    form-data "^4.0.4"

"@types/node@*":
  version "22.10.1"
  resolved "https://registry.yarnpkg.com/@types/node/-/node-22.10.1.tgz#41ffeee127b8975a05f8c4f83fb89bcb2987d766"
  integrity sha512-qKgsUwfHZV2WCWLAnVP1JqnpE6Im6h3Y0+fYgMTasNQ7V++CBX5OT1as0g0f+OyubbFqhf6XVNIsmN4IIhEgGQ==
  dependencies:
    undici-types "~6.20.0"

"@types/node@^18.11.18":
  version "18.19.130"
  resolved "https://registry.yarnpkg.com/@types/node/-/node-18.19.130.tgz#da4c6324793a79defb7a62cba3947ec5add00d59"
  integrity sha512-GRaXQx6jGfL8sKfaIDD6OupbIHBr9jv7Jnaml9tB7l4v068PAOXqfcujMMo5PhbIs6ggR1XODELqahT2R8v0fg==
  dependencies:
    undici-types "~5.26.4"

"@vitest/expect@4.1.9":
  version "4.1.9"
  resolved "https://registry.yarnpkg.com/@vitest/expect/-/expect-4.1.9.tgz#ba1af73ae53262e3dc9b518cb7b76fb614e0ef53"
  integrity sha512-vl/rYsUKcBr3SnQn166+XR5ZQcgMx3DQhFWdfli/cWpLnLUmbxZvyrJZotLFUryib+LtArYMSTJ5RbQ57ZqrlA==
  dependencies:
    "@standard-schema/spec" "^1.1.0"
    "@types/chai" "^5.2.2"
    "@vitest/spy" "4.1.9"
    "@vitest/utils" "4.1.9"
    chai "^6.2.2"
    tinyrainbow "^3.1.0"

"@vitest/mocker@4.1.9":
  version "4.1.9"
  resolved "https://registry.yarnpkg.com/@vitest/mocker/-/mocker-4.1.9.tgz#a483de79b358aba3dd8f319a0d8ab17c89f5c75d"
  integrity sha512-EVkXzBjrPGM+cK8/ANWgBrkUCfJfb38/EfTSO8h7pWvKkyPkpWxvR7BkD2MyItMF62C97zAEoqdpUixwR/e+Rw==
  dependencies:
    "@vitest/spy" "4.1.9"
    estree-walker "^3.0.3"
    magic-string "^0.30.21"

"@vitest/pretty-format@4.1.9":
  version "4.1.9"
  resolved "https://registry.yarnpkg.com/@vitest/pretty-format/-/pretty-format-4.1.9.tgz#885cfe9fcb6ff3df4409ea66192cc1fb23d62fae"
  integrity sha512-s0iufns3iIFitdgm+YR7g1whCAaGtXz459VS9/PqyKDEEFgYIhsHOQmXgIgDuYCt7DeQmiZT0Qe2OA2p4ZPu5A==
  dependencies:
    tinyrainbow "^3.1.0"

"@vitest/runner@4.1.9":
  version "4.1.9"
  resolved "https://registry.yarnpkg.com/@vitest/runner/-/runner-4.1.9.tgz#bb742947ce4841dfb2d8984a2f9014850be10f51"
  integrity sha512-KXLMDtc7oe70+3mJfGrPUWPesswH+3sTxAMAMl8DG7I8IUQT4XW718dY5ID3vPUcmlu27CcKfY4P3h3I29SLJg==
  dependencies:
    "@vitest/utils" "4.1.9"
    pathe "^2.0.3"

"@vitest/snapshot@4.1.9":
  version "4.1.9"
  resolved "https://registry.yarnpkg.com/@vitest/snapshot/-/snapshot-4.1.9.tgz#bdfb670ae5617613ea8776e93d0666a66defeeb7"
  integrity sha512-Jc7RKGNBo8Z28WYIm0Niej4xdSPByRf6mU58VpHQkd6Zh05rlnA+twjbK5HyeIGHxrzsc3mJgS43uM0CZKzaIA==
  dependencies:
    "@vitest/pretty-format" "4.1.9"
    "@vitest/utils" "4.1.9"
    magic-string "^0.30.21"
    pathe "^2.0.3"

"@vitest/spy@4.1.9":
  version "4.1.9"
  resolved "https://registry.yarnpkg.com/@vitest/spy/-/spy-4.1.9.tgz#bfc40d48fb9bd1a1228bfbfde7f5555e7f6b3867"
  integrity sha512-fHpsS6mIi+PiEW+vcRVOMkX1oSaPKne3VOclSFICPcGOmfKgXPU5iAah+wcNcj2xPrCCmfq99IDGf+EojhhvhA==

"@vitest/utils@4.1.9":
  version "4.1.9"
  resolved "https://registry.yarnpkg.com/@vitest/utils/-/utils-4.1.9.tgz#0184c7e6eb3234739b2b6b3b985f78d1ed823ee1"
  integrity sha512-A51o8ymO5PpqlWNnBP9ZHPXDIpuMtTLlGSjN7la4US+LJzoUMyhwjA5QXlm39JexgwHKW4Xjs8Z2d3dLCXOeuA==
  dependencies:
    "@vitest/pretty-format" "4.1.9"
    convert-source-map "^2.0.0"
    tinyrainbow "^3.1.0"

abort-controller@^3.0.0:
  version "3.0.0"
  resolved "https://registry.yarnpkg.com/abort-controller/-/abort-controller-3.0.0.tgz#eaf54d53b62bae4138e809ca225c8439a6efb392"
  integrity sha512-h8lQ8tacZYnR3vNQTgibj+tODHI5/+l06Au2Pcriv/Gmet0eaj4TwWH41sO9wnHDiQsEj19q0drzdWdeAHtweg==
  dependencies:
    event-target-shim "^5.0.0"

agentkeepalive@^4.2.1:
  version "4.6.0"
  resolved "https://registry.yarnpkg.com/agentkeepalive/-/agentkeepalive-4.6.0.tgz#35f73e94b3f40bf65f105219c623ad19c136ea6a"
  integrity sha512-kja8j7PjmncONqaTsB8fQ+wE2mSU2DJ9D4XKoJ5PFWIdRMa6SLSN1ff4mOr4jCbfRSsxR4keIiySJU0N9T5hIQ==
  dependencies:
    humanize-ms "^1.2.1"

assertion-error@^2.0.1:
  version "2.0.1"
  resolved "https://registry.yarnpkg.com/assertion-error/-/assertion-error-2.0.1.tgz#f641a196b335690b1070bf00b6e7593fec190bf7"
  integrity sha512-Izi8RQcffqCeNVgFigKli1ssklIbpHnCYc6AknXGYoB6grJqyeby7jv12JUQgmTAnIDnbck1uxksT4dzN3PWBA==

asynckit@^0.4.0:
  version "0.4.0"
  resolved "https://registry.yarnpkg.com/asynckit/-/asynckit-0.4.0.tgz#c79ed97f7f34cb8f2ba1bc9790bcc366474b4b79"
  integrity sha512-Oei9OH4tRh0YqU3GxhX79dM/mwVgvbZJaSNaRk+bshkj0S5cfHcgYakreBjrHwatXKbz+IoIdYLxrKim2MjW0Q==

call-bind-apply-helpers@^1.0.1, call-bind-apply-helpers@^1.0.2:
  version "1.0.2"
  resolved "https://registry.yarnpkg.com/call-bind-apply-helpers/-/call-bind-apply-helpers-1.0.2.tgz#4b5428c222be985d79c3d82657479dbe0b59b2d6"
  integrity sha512-Sp1ablJ0ivDkSzjcaJdxEunN5/XvksFJ2sMBFfq6x0ryhQV/2b/KwFe21cMpmHtPOSij8K99/wSfoEuTObmuMQ==
  dependencies:
    es-errors "^1.3.0"
    function-bind "^1.1.2"

chai@^6.2.2:
  version "6.2.2"
  resolved "https://registry.yarnpkg.com/chai/-/chai-6.2.2.tgz#ae41b52c9aca87734505362717f3255facda360e"
  integrity sha512-NUPRluOfOiTKBKvWPtSD4PhFvWCqOi0BGStNWs57X9js7XGTprSmFoz5F0tWhR4WPjNeR9jXqdC7/UpSJTnlRg==

combined-stream@^1.0.8:
  version "1.0.8"
  resolved "https://registry.yarnpkg.com/combined-stream/-/combined-stream-1.0.8.tgz#c3d45a8b34fd730631a110a8a2520682b31d5a7f"
  integrity sha512-FQN4MRfuJeHf7cBbBMJFXhKSDq+2kAArBlmRBvcvFE5BB1HZKXtSFASDhdlz9zOYwxh8lDdnvmMOe/+5cdoEdg==
  dependencies:
    delayed-stream "~1.0.0"

convert-source-map@^2.0.0:
  version "2.0.0"
  resolved "https://registry.yarnpkg.com/convert-source-map/-/convert-source-map-2.0.0.tgz#4b560f649fc4e918dd0ab75cf4961e8bc882d82a"
  integrity sha512-Kvp459HrV2FEJ1CAsi1Ku+MY3kasH19TFykTz2xWmMeq6bk2NU3XXvfJ+Q61m0xktWwt+1HSYf3JZsTms3aRJg==

delayed-stream@~1.0.0:
  version "1.0.0"
  resolved "https://registry.yarnpkg.com/delayed-stream/-/delayed-stream-1.0.0.tgz#df3ae199acadfb7d440aaae0b29e2272b24ec619"
  integrity sha512-ZySD7Nf91aLB0RxL4KGrKHBXl7Eds1DAmEdcoVawXnLD7SDhpNgtuII2aAkg7a7QS41jxPSZ17p4VdGnMHk3MQ==

detect-libc@^2.0.3:
  version "2.1.2"
  resolved "https://registry.yarnpkg.com/detect-libc/-/detect-libc-2.1.2.tgz#689c5dcdc1900ef5583a4cb9f6d7b473742074ad"
  integrity sha512-Btj2BOOO83o3WyH59e8MgXsxEQVcarkUOpEYrubB0urwnN10yQ364rsiByU11nZlqWYZm05i/of7io4mzihBtQ==

dotenv@^16.4.5:
  version "16.4.5"
  resolved "https://registry.yarnpkg.com/dotenv/-/dotenv-16.4.5.tgz#cdd3b3b604cb327e286b4762e13502f717cb099f"
  integrity sha512-ZmdL2rui+eB2YwhsWzjInR8LldtZHGDoQ1ugH85ppHKwpUHL7j7rN0Ti9NCnGiQbhaZ11FpR+7ao1dNsmduNUg==

dunder-proto@^1.0.1:
  version "1.0.1"
  resolved "https://registry.yarnpkg.com/dunder-proto/-/dunder-proto-1.0.1.tgz#d7ae667e1dc83482f8b70fd0f6eefc50da30f58a"
  integrity sha512-KIN/nDJBQRcXw0MLVhZE9iQHmG68qAVIBg9CqmUYjmQIhgij9U5MFvrqkUL5FbtyyzZuOeOt0zdeRe4UY7ct+A==
  dependencies:
    call-bind-apply-helpers "^1.0.1"
    es-errors "^1.3.0"
    gopd "^1.2.0"

es-define-property@^1.0.1:
  version "1.0.1"
  resolved "https://registry.yarnpkg.com/es-define-property/-/es-define-property-1.0.1.tgz#983eb2f9a6724e9303f61addf011c72e09e0b0fa"
  integrity sha512-e3nRfgfUZ4rNGL232gUgX06QNyyez04KdjFrF+LTRoOXmrOgFKDg4BCdsjW8EnT69eqdYGmRpJwiPVYNrCaW3g==

es-errors@^1.3.0:
  version "1.3.0"
  resolved "https://registry.yarnpkg.com/es-errors/-/es-errors-1.3.0.tgz#05f75a25dab98e4fb1dcd5e1472c0546d5057c8f"
  integrity sha512-Zf5H2Kxt2xjTvbJvP2ZWLEICxA6j+hAmMzIlypy4xcBg1vKVnx89Wy0GbS+kf5cwCVFFzdCFh2XSCFNULS6csw==

es-module-lexer@^2.0.0:
  version "2.3.0"
  resolved "https://registry.yarnpkg.com/es-module-lexer/-/es-module-lexer-2.3.0.tgz#fda770234c345064c122eb905e1c4200ffa4ce7e"
  integrity sha512-KLdwQm2NvGLDkQDCGvmiQrhkd0JbMzXthwQAUgWjQuQdBLFa3eiBP5arXZyA+f8x+x7OXgud6bq2rxjGtHV2tw==

es-object-atoms@^1.0.0, es-object-atoms@^1.1.1:
  version "1.1.2"
  resolved "https://registry.yarnpkg.com/es-object-atoms/-/es-object-atoms-1.1.2.tgz#a2d0b373205724dfa525d23b0c3e1b1ca582c99b"
  integrity sha512-HWcBoN6NileqtSydK2FqHbS/LoDd2pqrnQHLyJzBj4kOp/ky2MWMN694xOfkK8/SnUsW2DH7EfyVlydKCsm1Zw==
  dependencies:
    es-errors "^1.3.0"

es-set-tostringtag@^2.1.0:
  version "2.1.0"
  resolved "https://registry.yarnpkg.com/es-set-tostringtag/-/es-set-tostringtag-2.1.0.tgz#f31dbbe0c183b00a6d26eb6325c810c0fd18bd4d"
  integrity sha512-j6vWzfrGVfyXxge+O0x5sh6cvxAog0a/4Rdd2K36zCMV5eJ+/+tOAngRO8cODMNWbVRdVlmGZQL2YS3yR8bIUA==
  dependencies:
    es-errors "^1.3.0"
    get-intrinsic "^1.2.6"
    has-tostringtag "^1.0.2"
    hasown "^2.0.2"

estree-walker@^3.0.3:
  version "3.0.3"
  resolved "https://registry.yarnpkg.com/estree-walker/-/estree-walker-3.0.3.tgz#67c3e549ec402a487b4fc193d1953a524752340d"
  integrity sha512-7RUKfXgSMMkzt6ZuXmqapOurLGPPfgj6l9uRZ7lRGolvk0y2yocc35LdcxKC5PQZdn2DMqioAQ2NoWcrTKmm6g==
  dependencies:
    "@types/estree" "^1.0.0"

event-target-shim@^5.0.0:
  version "5.0.1"
  resolved "https://registry.yarnpkg.com/event-target-shim/-/event-target-shim-5.0.1.tgz#5d4d3ebdf9583d63a5333ce2deb7480ab2b05789"
  integrity sha512-i/2XbnSz/uxRCU6+NdVJgKWDTM427+MqYbkQzD321DuCQJUqOuJKIA0IM2+W2xtYHdKOmZ4dR6fExsd4SXL+WQ==

expect-type@^1.3.0:
  version "1.4.0"
  resolved "https://registry.yarnpkg.com/expect-type/-/expect-type-1.4.0.tgz#24edf7f0cc69a44d008567ba4594ab96f3c3a3d6"
  integrity sha512-KfYbmpRm0VbLjEvVa9yGwCi9GI34xvi7A/HXYWQO65CSD2u3MczUJSuwXKFIxlGsgBQizV9q5J9NHj4VG0n+pA==

fdir@^6.5.0:
  version "6.5.0"
  resolved "https://registry.yarnpkg.com/fdir/-/fdir-6.5.0.tgz#ed2ab967a331ade62f18d077dae192684d50d350"
  integrity sha512-tIbYtZbucOs0BRGqPJkshJUYdL+SDH7dVM8gjy+ERp3WAUjLEFJE+02kanyHtwjWOnwrKYBiwAmM0p4kLJAnXg==

form-data-encoder@1.7.2:
  version "1.7.2"
  resolved "https://registry.yarnpkg.com/form-data-encoder/-/form-data-encoder-1.7.2.tgz#1f1ae3dccf58ed4690b86d87e4f57c654fbab040"
  integrity sha512-qfqtYan3rxrnCk1VYaA4H+Ms9xdpPqvLZa6xmMgFvhO32x7/3J/ExcTd6qpxM0vH2GdMI+poehyBZvqfMTto8A==

form-data@^4.0.4:
  version "4.0.6"
  resolved "https://registry.yarnpkg.com/form-data/-/form-data-4.0.6.tgz#28e864e1b786dbebb68db1f452f9635278665827"
  integrity sha512-vKatAh4SlVfgbv+YtmhiRjhEMJsYpsG1Y2rMQtR+SVSbytsSD1YGzDIcrAJmdFec88u/+VoGmxnl+80gL1tRCQ==
  dependencies:
    asynckit "^0.4.0"
    combined-stream "^1.0.8"
    es-set-tostringtag "^2.1.0"
    hasown "^2.0.4"
    mime-types "^2.1.35"

formdata-node@^4.3.2:
  version "4.4.1"
  resolved "https://registry.yarnpkg.com/formdata-node/-/formdata-node-4.4.1.tgz#23f6a5cb9cb55315912cbec4ff7b0f59bbd191e2"
  integrity sha512-0iirZp3uVDjVGt9p49aTaqjk84TrglENEDuqfdlZQ1roC9CWlPk6Avf8EEnZNcAqPonwkG35x4n3ww/1THYAeQ==
  dependencies:
    node-domexception "1.0.0"
    web-streams-polyfill "4.0.0-beta.3"

fs-extra@^11.2.0:
  version "11.2.0"
  resolved "https://registry.yarnpkg.com/fs-extra/-/fs-extra-11.2.0.tgz#e70e17dfad64232287d01929399e0ea7c86b0e5b"
  integrity sha512-PmDi3uwK5nFuXh7XDTlVnS17xJS7vW36is2+w3xcv8SVxiB4NyATf4ctkVY5bkSjX0Y4nbvZCq1/EjtEyr9ktw==
  dependencies:
    graceful-fs "^4.2.0"
    jsonfile "^6.0.1"
    universalify "^2.0.0"

fsevents@~2.3.3:
  version "2.3.3"
  resolved "https://registry.yarnpkg.com/fsevents/-/fsevents-2.3.3.tgz#cac6407785d03675a2a5e1a5305c697b347d90d6"
  integrity sha512-5xoDfX+fL7faATnagmWPpbFtwh/R77WmMMqqHGS65C3vvB0YHrgF+B1YmZ3441tMj5n63k0212XNoJwzlhffQw==

function-bind@^1.1.2:
  version "1.1.2"
  resolved "https://registry.yarnpkg.com/function-bind/-/function-bind-1.1.2.tgz#2c02d864d97f3ea6c8830c464cbd11ab6eab7a1c"
  integrity sha512-7XHNxH7qX9xG5mIwxkhumTox/MIRNcOgDrxWsMt2pAr23WHp6MrRlN7FBSFpCpr+oVO0F744iUgR82nJMfG2SA==

get-intrinsic@^1.2.6:
  version "1.3.0"
  resolved "https://registry.yarnpkg.com/get-intrinsic/-/get-intrinsic-1.3.0.tgz#743f0e3b6964a93a5491ed1bffaae054d7f98d01"
  integrity sha512-9fSjSaos/fRIVIp+xSJlE6lfwhES7LNtKaCBIamHsjr2na1BiABJPo0mOjjz8GJDURarmCPGqaiVg5mfjb98CQ==
  dependencies:
    call-bind-apply-helpers "^1.0.2"
    es-define-property "^1.0.1"
    es-errors "^1.3.0"
    es-object-atoms "^1.1.1"
    function-bind "^1.1.2"
    get-proto "^1.0.1"
    gopd "^1.2.0"
    has-symbols "^1.1.0"
    hasown "^2.0.2"
    math-intrinsics "^1.1.0"

get-proto@^1.0.1:
  version "1.0.1"
  resolved "https://registry.yarnpkg.com/get-proto/-/get-proto-1.0.1.tgz#150b3f2743869ef3e851ec0c49d15b1d14d00ee1"
  integrity sha512-sTSfBjoXBp89JvIKIefqw7U2CCebsc74kiY6awiGogKtoSGbgjYE/G/+l9sF3MWFPNc9IcoOC4ODfKHfxFmp0g==
  dependencies:
    dunder-proto "^1.0.1"
    es-object-atoms "^1.0.0"

gopd@^1.2.0:
  version "1.2.0"
  resolved "https://registry.yarnpkg.com/gopd/-/gopd-1.2.0.tgz#89f56b8217bdbc8802bd299df6d7f1081d7e51a1"
  integrity sha512-ZUKRh6/kUFoAiTAtTYPZJ3hw9wNxx+BIBOijnlG9PnrJsCcSjs1wyyD6vJpaYtgnzDrKYRSqf3OO6Rfa93xsRg==

graceful-fs@^4.1.6, graceful-fs@^4.2.0:
  version "4.2.11"
  resolved "https://registry.yarnpkg.com/graceful-fs/-/graceful-fs-4.2.11.tgz#4183e4e8bf08bb6e05bbb2f7d2e0c8f712ca40e3"
  integrity sha512-RbJ5/jmFcNNCcDV5o9eTnBLJ/HszWV0P73bc+Ff4nS/rJj+YaS6IGyiOL0VoBYX+l1Wrl3k63h/KrH+nhJ0XvQ==

has-symbols@^1.0.3, has-symbols@^1.1.0:
  version "1.1.0"
  resolved "https://registry.yarnpkg.com/has-symbols/-/has-symbols-1.1.0.tgz#fc9c6a783a084951d0b971fe1018de813707a338"
  integrity sha512-1cDNdwJ2Jaohmb3sg4OmKaMBwuC48sYni5HUw2DvsC8LjGTLK9h+eb1X6RyuOHe4hT0ULCW68iomhjUoKUqlPQ==

has-tostringtag@^1.0.2:
  version "1.0.2"
  resolved "https://registry.yarnpkg.com/has-tostringtag/-/has-tostringtag-1.0.2.tgz#2cdc42d40bef2e5b4eeab7c01a73c54ce7ab5abc"
  integrity sha512-NqADB8VjPFLM2V0VvHUewwwsw0ZWBaIdgo+ieHtK3hasLz4qeCRjYcqfB6AQrBggRKppKF8L52/VqdVsO47Dlw==
  dependencies:
    has-symbols "^1.0.3"

hasown@^2.0.2, hasown@^2.0.4:
  version "2.0.4"
  resolved "https://registry.yarnpkg.com/hasown/-/hasown-2.0.4.tgz#8c62d8cb90beb2aad5d0a5b67581ad9854c3f003"
  integrity sha512-T2UbfbBEF32wiepXIsMlTW9+dDYC6wMh/t/vYA4tuOMKqWz/n3vr1NFSxQiyP+zk2mXsoMA/i/7qV6LKut1t1A==
  dependencies:
    function-bind "^1.1.2"

humanize-ms@^1.2.1:
  version "1.2.1"
  resolved "https://registry.yarnpkg.com/humanize-ms/-/humanize-ms-1.2.1.tgz#c46e3159a293f6b896da29316d8b6fe8bb79bbed"
  integrity sha512-Fl70vYtsAFb/C06PTS9dZBo7ihau+Tu/DNCk/OyHhea07S+aeMWpFFkUaXRa8fI+ScZbEI8dfSxwY7gxZ9SAVQ==
  dependencies:
    ms "^2.0.0"

jsonfile@^6.0.1:
  version "6.1.0"
  resolved "https://registry.yarnpkg.com/jsonfile/-/jsonfile-6.1.0.tgz#bc55b2634793c679ec6403094eb13698a6ec0aae"
  integrity sha512-5dgndWOriYSm5cnYaJNhalLNDKOqFwyDB/rr1E9ZsGciGvKPs8R2xYGCacuf3z6K1YKDz182fd+fY3cn3pMqXQ==
  dependencies:
    universalify "^2.0.0"
  optionalDependencies:
    graceful-fs "^4.1.6"

lightningcss-android-arm64@1.32.0:
  version "1.32.0"
  resolved "https://registry.yarnpkg.com/lightningcss-android-arm64/-/lightningcss-android-arm64-1.32.0.tgz#f033885116dfefd9c6f54787523e3514b61e1968"
  integrity sha512-YK7/ClTt4kAK0vo6w3X+Pnm0D2cf2vPHbhOXdoNti1Ga0al1P4TBZhwjATvjNwLEBCnKvjJc2jQgHXH0NEwlAg==

lightningcss-darwin-arm64@1.32.0:
  version "1.32.0"
  resolved "https://registry.yarnpkg.com/lightningcss-darwin-arm64/-/lightningcss-darwin-arm64-1.32.0.tgz#50b71871b01c8199584b649e292547faea7af9b5"
  integrity sha512-RzeG9Ju5bag2Bv1/lwlVJvBE3q6TtXskdZLLCyfg5pt+HLz9BqlICO7LZM7VHNTTn/5PRhHFBSjk5lc4cmscPQ==

lightningcss-darwin-x64@1.32.0:
  version "1.32.0"
  resolved "https://registry.yarnpkg.com/lightningcss-darwin-x64/-/lightningcss-darwin-x64-1.32.0.tgz#35f3e97332d130b9ca181e11b568ded6aebc6d5e"
  integrity sha512-U+QsBp2m/s2wqpUYT/6wnlagdZbtZdndSmut/NJqlCcMLTWp5muCrID+K5UJ6jqD2BFshejCYXniPDbNh73V8w==

lightningcss-freebsd-x64@1.32.0:
  version "1.32.0"
  resolved "https://registry.yarnpkg.com/lightningcss-freebsd-x64/-/lightningcss-freebsd-x64-1.32.0.tgz#9777a76472b64ed6ff94342ad64c7bafd794a575"
  integrity sha512-JCTigedEksZk3tHTTthnMdVfGf61Fky8Ji2E4YjUTEQX14xiy/lTzXnu1vwiZe3bYe0q+SpsSH/CTeDXK6WHig==

lightningcss-linux-arm-gnueabihf@1.32.0:
  version "1.32.0"
  resolved "https://registry.yarnpkg.com/lightningcss-linux-arm-gnueabihf/-/lightningcss-linux-arm-gnueabihf-1.32.0.tgz#13ae652e1ab73b9135d7b7da172f666c410ad53d"
  integrity sha512-x6rnnpRa2GL0zQOkt6rts3YDPzduLpWvwAF6EMhXFVZXD4tPrBkEFqzGowzCsIWsPjqSK+tyNEODUBXeeVHSkw==

lightningcss-linux-arm64-gnu@1.32.0:
  version "1.32.0"
  resolved "https://registry.yarnpkg.com/lightningcss-linux-arm64-gnu/-/lightningcss-linux-arm64-gnu-1.32.0.tgz#417858795a94592f680123a1b1f9da8a0e1ef335"
  integrity sha512-0nnMyoyOLRJXfbMOilaSRcLH3Jw5z9HDNGfT/gwCPgaDjnx0i8w7vBzFLFR1f6CMLKF8gVbebmkUN3fa/kQJpQ==

lightningcss-linux-arm64-musl@1.32.0:
  version "1.32.0"
  resolved "https://registry.yarnpkg.com/lightningcss-linux-arm64-musl/-/lightningcss-linux-arm64-musl-1.32.0.tgz#6be36692e810b718040802fd809623cffe732133"
  integrity sha512-UpQkoenr4UJEzgVIYpI80lDFvRmPVg6oqboNHfoH4CQIfNA+HOrZ7Mo7KZP02dC6LjghPQJeBsvXhJod/wnIBg==

lightningcss-linux-x64-gnu@1.32.0:
  version "1.32.0"
  resolved "https://registry.yarnpkg.com/lightningcss-linux-x64-gnu/-/lightningcss-linux-x64-gnu-1.32.0.tgz#0b7803af4eb21cfd38dd39fe2abbb53c7dd091f6"
  integrity sha512-V7Qr52IhZmdKPVr+Vtw8o+WLsQJYCTd8loIfpDaMRWGUZfBOYEJeyJIkqGIDMZPwPx24pUMfwSxxI8phr/MbOA==

lightningcss-linux-x64-musl@1.32.0:
  version "1.32.0"
  resolved "https://registry.yarnpkg.com/lightningcss-linux-x64-musl/-/lightningcss-linux-x64-musl-1.32.0.tgz#88dc8ba865ddddb1ac5ef04b0f161804418c163b"
  integrity sha512-bYcLp+Vb0awsiXg/80uCRezCYHNg1/l3mt0gzHnWV9XP1W5sKa5/TCdGWaR/zBM2PeF/HbsQv/j2URNOiVuxWg==

lightningcss-win32-arm64-msvc@1.32.0:
  version "1.32.0"
  resolved "https://registry.yarnpkg.com/lightningcss-win32-arm64-msvc/-/lightningcss-win32-arm64-msvc-1.32.0.tgz#4f30ba3fa5e925f5b79f945e8cc0d176c3b1ab38"
  integrity sha512-8SbC8BR40pS6baCM8sbtYDSwEVQd4JlFTOlaD3gWGHfThTcABnNDBda6eTZeqbofalIJhFx0qKzgHJmcPTnGdw==

lightningcss-win32-x64-msvc@1.32.0:
  version "1.32.0"
  resolved "https://registry.yarnpkg.com/lightningcss-win32-x64-msvc/-/lightningcss-win32-x64-msvc-1.32.0.tgz#141aa5605645064928902bb4af045fa7d9f4220a"
  integrity sha512-Amq9B/SoZYdDi1kFrojnoqPLxYhQ4Wo5XiL8EVJrVsB8ARoC1PWW6VGtT0WKCemjy8aC+louJnjS7U18x3b06Q==

lightningcss@^1.32.0:
  version "1.32.0"
  resolved "https://registry.yarnpkg.com/lightningcss/-/lightningcss-1.32.0.tgz#b85aae96486dcb1bf49a7c8571221273f4f1e4a9"
  integrity sha512-NXYBzinNrblfraPGyrbPoD19C1h9lfI/1mzgWYvXUTe414Gz/X1FD2XBZSZM7rRTrMA8JL3OtAaGifrIKhQ5yQ==
  dependencies:
    detect-libc "^2.0.3"
  optionalDependencies:
    lightningcss-android-arm64 "1.32.0"
    lightningcss-darwin-arm64 "1.32.0"
    lightningcss-darwin-x64 "1.32.0"
    lightningcss-freebsd-x64 "1.32.0"
    lightningcss-linux-arm-gnueabihf "1.32.0"
    lightningcss-linux-arm64-gnu "1.32.0"
    lightningcss-linux-arm64-musl "1.32.0"
    lightningcss-linux-x64-gnu "1.32.0"
    lightningcss-linux-x64-musl "1.32.0"
    lightningcss-win32-arm64-msvc "1.32.0"
    lightningcss-win32-x64-msvc "1.32.0"

magic-string@^0.30.21:
  version "0.30.21"
  resolved "https://registry.yarnpkg.com/magic-string/-/magic-string-0.30.21.tgz#56763ec09a0fa8091df27879fd94d19078c00d91"
  integrity sha512-vd2F4YUyEXKGcLHoq+TEyCjxueSeHnFxyyjNp80yg0XV4vUhnDer/lvvlqM/arB5bXQN5K2/3oinyCRyx8T2CQ==
  dependencies:
    "@jridgewell/sourcemap-codec" "^1.5.5"

math-intrinsics@^1.1.0:
  version "1.1.0"
  resolved "https://registry.yarnpkg.com/math-intrinsics/-/math-intrinsics-1.1.0.tgz#a0dd74be81e2aa5c2f27e65ce283605ee4e2b7f9"
  integrity sha512-/IXtbwEk5HTPyEwyKX6hGkYXxM9nbj64B+ilVJnC/R6B0pH5G4V3b0pVbL7DBj4tkhBAppbQUlf6F6Xl9LHu1g==

mime-db@1.52.0:
  version "1.52.0"
  resolved "https://registry.yarnpkg.com/mime-db/-/mime-db-1.52.0.tgz#bbabcdc02859f4987301c856e3387ce5ec43bf70"
  integrity sha512-sPU4uV7dYlvtWJxwwxHD0PuihVNiE7TyAbQ5SWxDCB9mUYvOgroQOwYQQOKPJ8CIbE+1ETVlOoK1UC2nU3gYvg==

mime-types@^2.1.35:
  version "2.1.35"
  resolved "https://registry.yarnpkg.com/mime-types/-/mime-types-2.1.35.tgz#381a871b62a734450660ae3deee44813f70d959a"
  integrity sha512-ZDY+bPm5zTTF+YpCrAU9nK0UgICYPT0QtT1NZWFv4s++TNkcgVaT0g6+4R2uI4MjQjzysHB1zxuWL50hzaeXiw==
  dependencies:
    mime-db "1.52.0"

ms@^2.0.0:
  version "2.1.3"
  resolved "https://registry.yarnpkg.com/ms/-/ms-2.1.3.tgz#574c8138ce1d2b5861f0b44579dbadd60c6615b2"
  integrity sha512-6FlzubTLZG3J2a/NVCAleEhjzq5oxgHyaCU9yYXvcLsvoVaHJq/s5xXI6/XXP6tz7R9xAOtHnSO/tXtF3WRTlA==

nanoid@^3.3.12:
  version "3.3.15"
  resolved "https://registry.yarnpkg.com/nanoid/-/nanoid-3.3.15.tgz#36c490fad8c6e86c824c940dfdde999b69ed4316"
  integrity sha512-y7Wygv/7mEOvxTuEQDB8StXdMRBWf1kR/tlhAzBRUFkB2jfcLOAxO/SHmOO2zgz1pVgK29/kyupn059/bCHdjA==

node-domexception@1.0.0:
  version "1.0.0"
  resolved "https://registry.yarnpkg.com/node-domexception/-/node-domexception-1.0.0.tgz#6888db46a1f71c0b76b3f7555016b63fe64766e5"
  integrity sha512-/jKZoMpw0F8GRwl4/eLROPA3cfcXtLApP0QzLmUT/HuPCZWyB7IY9ZrMeKw2O/nFIqPQB3PVM9aYm0F312AXDQ==

node-fetch@^2.6.7:
  version "2.7.0"
  resolved "https://registry.yarnpkg.com/node-fetch/-/node-fetch-2.7.0.tgz#d0f0fa6e3e2dc1d27efcd8ad99d550bda94d187d"
  integrity sha512-c4FRfUm/dbcWZ7U+1Wq0AwCyFL+3nt2bEw05wfxSz+DWpWsitgmSgYmy2dQdWyKC1694ELPqMs/YzUSNozLt8A==
  dependencies:
    whatwg-url "^5.0.0"

obug@^2.1.1:
  version "2.1.3"
  resolved "https://registry.yarnpkg.com/obug/-/obug-2.1.3.tgz#c02c60f95abd603409330e767db7f2823193331e"
  integrity sha512-9miFgM2OFba7hB+pRgvtV84pYTBaoTHohvmIgiRt6dRIzbwEOIaNaP+dIlGs2fNFoB0SeISs0Jz5WFVRid6Xyg==

openai@^4.104.0:
  version "4.104.0"
  resolved "https://registry.yarnpkg.com/openai/-/openai-4.104.0.tgz#c489765dc051b95019845dab64b0e5207cae4d30"
  integrity sha512-p99EFNsA/yX6UhVO93f5kJsDRLAg+CTA2RBqdHK4RtK8u5IJw32Hyb2dTGKbnnFmnuoBv5r7Z2CURI9sGZpSuA==
  dependencies:
    "@types/node" "^18.11.18"
    "@types/node-fetch" "^2.6.4"
    abort-controller "^3.0.0"
    agentkeepalive "^4.2.1"
    form-data-encoder "1.7.2"
    formdata-node "^4.3.2"
    node-fetch "^2.6.7"

pathe@^2.0.3:
  version "2.0.3"
  resolved "https://registry.yarnpkg.com/pathe/-/pathe-2.0.3.tgz#3ecbec55421685b70a9da872b2cff3e1cbed1716"
  integrity sha512-WUjGcAqP1gQacoQe+OBJsFA7Ld4DyXuUIjZ5cc75cLHvJ7dtNsTugphxIADwspS+AraAUePCKrSVtPLFj/F88w==

picocolors@^1.1.1:
  version "1.1.1"
  resolved "https://registry.yarnpkg.com/picocolors/-/picocolors-1.1.1.tgz#3d321af3eab939b083c8f929a1d12cda81c26b6b"
  integrity sha512-xceH2snhtb5M9liqDsmEw56le376mTZkEX/jEb/RxNFyegNul7eNslCXP9FDj/Lcu0X8KEyMceP2ntpaHrDEVA==

picomatch@^4.0.3, picomatch@^4.0.4:
  version "4.0.5"
  resolved "https://registry.yarnpkg.com/picomatch/-/picomatch-4.0.5.tgz#51ea57a17d86f605f81039595fbc40ed06a55fab"
  integrity sha512-RvwwcruNjI1ncT5xRakeyS9Lf8lcItv34KD+aif+VH9kduAyfYBipGh12274xtenIPZ119/R9BdTBa8gAwSh0A==

postcss@^8.5.16:
  version "8.5.16"
  resolved "https://registry.yarnpkg.com/postcss/-/postcss-8.5.16.tgz#1230ce0b5df354c24c0ea45f99ce5f6a88279d28"
  integrity sha512-vuwillviilfKZsg0VGj5R/YwwcHx4SLsIOI/7K6mQkWx+l5cUHTjj5g0AasTBcyXsbfTgrwsUNmVUb5xVwyPwg==
  dependencies:
    nanoid "^3.3.12"
    picocolors "^1.1.1"
    source-map-js "^1.2.1"

rolldown@~1.1.3:
  version "1.1.4"
  resolved "https://registry.yarnpkg.com/rolldown/-/rolldown-1.1.4.tgz#7e15fb26997353808330109ef6bffda274aaa027"
  integrity sha512-IjZYiLxZwpnhwhdBH2ugdTGVSdhCQUmLxLoqyjiL0JxYjyRst+5a0P3xfrTxJ5F638j4Mvvw5FAX5XE6eHpXbA==
  dependencies:
    "@oxc-project/types" "=0.138.0"
    "@rolldown/pluginutils" "^1.0.0"
  optionalDependencies:
    "@rolldown/binding-android-arm64" "1.1.4"
    "@rolldown/binding-darwin-arm64" "1.1.4"
    "@rolldown/binding-darwin-x64" "1.1.4"
    "@rolldown/binding-freebsd-x64" "1.1.4"
    "@rolldown/binding-linux-arm-gnueabihf" "1.1.4"
    "@rolldown/binding-linux-arm64-gnu" "1.1.4"
    "@rolldown/binding-linux-arm64-musl" "1.1.4"
    "@rolldown/binding-linux-ppc64-gnu" "1.1.4"
    "@rolldown/binding-linux-s390x-gnu" "1.1.4"
    "@rolldown/binding-linux-x64-gnu" "1.1.4"
    "@rolldown/binding-linux-x64-musl" "1.1.4"
    "@rolldown/binding-openharmony-arm64" "1.1.4"
    "@rolldown/binding-wasm32-wasi" "1.1.4"
    "@rolldown/binding-win32-arm64-msvc" "1.1.4"
    "@rolldown/binding-win32-x64-msvc" "1.1.4"

siginfo@^2.0.0:
  version "2.0.0"
  resolved "https://registry.yarnpkg.com/siginfo/-/siginfo-2.0.0.tgz#32e76c70b79724e3bb567cb9d543eb858ccfaf30"
  integrity sha512-ybx0WO1/8bSBLEWXZvEd7gMW3Sn3JFlW3TvX1nREbDLRNQNaeNN8WK0meBwPdAaOI7TtRRRJn/Es1zhrrCHu7g==

source-map-js@^1.2.1:
  version "1.2.1"
  resolved "https://registry.yarnpkg.com/source-map-js/-/source-map-js-1.2.1.tgz#1ce5650fddd87abc099eda37dcff024c2667ae46"
  integrity sha512-UXWMKhLOwVKb728IUtQPXxfYU+usdybtUrK/8uGE8CQMvrhOpwvzDBwj0QhSL7MQc7vIsISBG8VQ8+IDQxpfQA==

stackback@0.0.2:
  version "0.0.2"
  resolved "https://registry.yarnpkg.com/stackback/-/stackback-0.0.2.tgz#1ac8a0d9483848d1695e418b6d031a3c3ce68e3b"
  integrity sha512-1XMJE5fQo1jGH6Y/7ebnwPOBEkIEnT4QF32d5R1+VXdXveM0IBMJt8zfaxX1P3QhVwrYe+576+jkANtSS2mBbw==

std-env@^4.0.0-rc.1:
  version "4.1.0"
  resolved "https://registry.yarnpkg.com/std-env/-/std-env-4.1.0.tgz#45899abc590d86d682e87f0acd1033a75084cd3f"
  integrity sha512-Rq7ybcX2RuC55r9oaPVEW7/xu3tj8u4GeBYHBWCychFtzMIr86A7e3PPEBPT37sHStKX3+TiX/Fr/ACmJLVlLQ==

tinybench@^2.9.0:
  version "2.9.0"
  resolved "https://registry.yarnpkg.com/tinybench/-/tinybench-2.9.0.tgz#103c9f8ba6d7237a47ab6dd1dcff77251863426b"
  integrity sha512-0+DUvqWMValLmha6lr4kD8iAMK1HzV0/aKnCtWb9v9641TnP/MFb7Pc2bxoxQjTXAErryXVgUOfv2YqNllqGeg==

tinyexec@^1.0.2:
  version "1.2.4"
  resolved "https://registry.yarnpkg.com/tinyexec/-/tinyexec-1.2.4.tgz#ae45bb2edebda94c70f4ea897e0f1243e470db71"
  integrity sha512-SHf/r48b7vOrjve9PxJo3MN5v5yuyjHvdUcrQffT3WXMUfnGmHDVbC4k3sHJaJTgZCwpUplIaAo5ANtMyp3YHg==

tinyglobby@^0.2.15, tinyglobby@^0.2.17:
  version "0.2.17"
  resolved "https://registry.yarnpkg.com/tinyglobby/-/tinyglobby-0.2.17.tgz#562a9a6c9eb2b3b123d39719f9af5bb44fcd7631"
  integrity sha512-wXR/dYpcqKmfWpEdZjiKJOwCNFndD0DMnrW/cYjVGttEkBfVgcLFHoNrlj47mjOVic9yyNu65alsgF4NQyTa2g==
  dependencies:
    fdir "^6.5.0"
    picomatch "^4.0.4"

tinyrainbow@^3.1.0:
  version "3.1.0"
  resolved "https://registry.yarnpkg.com/tinyrainbow/-/tinyrainbow-3.1.0.tgz#1d8a623893f95cf0a2ddb9e5d11150e191409421"
  integrity sha512-Bf+ILmBgretUrdJxzXM0SgXLZ3XfiaUuOj/IKQHuTXip+05Xn+uyEYdVg0kYDipTBcLrCVyUzAPz7QmArb0mmw==

tr46@~0.0.3:
  version "0.0.3"
  resolved "https://registry.yarnpkg.com/tr46/-/tr46-0.0.3.tgz#8184fd347dac9cdc185992f3a6622e14b9d9ab6a"
  integrity sha512-N3WMsuqV66lT30CrXNbEjx4GEwlow3v6rr4mCcv6prnfwhS01rkgyFdjPNBYd9br7LpXV1+Emh01fHnq2Gdgrw==

tslib@^2.4.0:
  version "2.8.1"
  resolved "https://registry.yarnpkg.com/tslib/-/tslib-2.8.1.tgz#612efe4ed235d567e8aba5f2a5fab70280ade83f"
  integrity sha512-oJFu94HQb+KVduSUQL7wnpmqnfmLsOA/nAh6b6EH0wCEoK0/mPeXU6c3wKDV83MkOuHPRHtSXKKU99IBazS/2w==

typescript@~5.9.3:
  version "5.9.3"
  resolved "https://registry.yarnpkg.com/typescript/-/typescript-5.9.3.tgz#5b4f59e15310ab17a216f5d6cf53ee476ede670f"
  integrity sha512-jl1vZzPDinLr9eUt3J/t7V6FgNEw9QjvBPdysz9KfQDD41fQrC2Y4vKQdiaUpFT4bXlb1RHhLpp8wtm6M5TgSw==

undici-types@~5.26.4:
  version "5.26.5"
  resolved "https://registry.yarnpkg.com/undici-types/-/undici-types-5.26.5.tgz#bcd539893d00b56e964fd2657a4866b221a65617"
  integrity sha512-JlCMO+ehdEIKqlFxk6IfVoAUVmgz7cU7zD/h9XZ0qzeosSHmUJVOzSQvvYSYWXkFXC+IfLKSIffhv0sVZup6pA==

undici-types@~6.20.0:
  version "6.20.0"
  resolved "https://registry.yarnpkg.com/undici-types/-/undici-types-6.20.0.tgz#8171bf22c1f588d1554d55bf204bc624af388433"
  integrity sha512-Ny6QZ2Nju20vw1SRHe3d9jVu6gJ+4e3+MMpqu7pqE5HT6WsTSlce++GQmK5UXS8mzV8DSYHrQH+Xrf2jVcuKNg==

universalify@^2.0.0:
  version "2.0.1"
  resolved "https://registry.yarnpkg.com/universalify/-/universalify-2.0.1.tgz#168efc2180964e6386d061e094df61afe239b18d"
  integrity sha512-gptHNQghINnc/vTGIk0SOFGFNXw7JVrlRUtConJRlvaw6DuX0wO5Jeko9sWrMBhh+PsYAZ7oXAiOnf/UKogyiw==

"vite@^6.0.0 || ^7.0.0 || ^8.0.0":
  version "8.1.3"
  resolved "https://registry.yarnpkg.com/vite/-/vite-8.1.3.tgz#ce05b445b501014a10e5a8073811759c223e8ac2"
  integrity sha512-Ds+gBRbj0lwRO2Y5hwnUBdxSwlAve9LeRyU4sNnAr0ewW0gWF0n5bgXgUzbgZ49MV9BVUAQUFYVcDUcilUExMA==
  dependencies:
    lightningcss "^1.32.0"
    picomatch "^4.0.4"
    postcss "^8.5.16"
    rolldown "~1.1.3"
    tinyglobby "^0.2.17"
  optionalDependencies:
    fsevents "~2.3.3"

vitest@^4.1.9:
  version "4.1.9"
  resolved "https://registry.yarnpkg.com/vitest/-/vitest-4.1.9.tgz#98f22fbd70e2a18c4a92bb20624bc92e5dfac5f3"
  integrity sha512-nE3/LEyc0z87uHYLZebqCUOaJr2hdtuPp7BQ4BosVFnfltxgAvMG08NyrSGlPpOUWvR27c5flSmYFTNr78L9GQ==
  dependencies:
    "@vitest/expect" "4.1.9"
    "@vitest/mocker" "4.1.9"
    "@vitest/pretty-format" "4.1.9"
    "@vitest/runner" "4.1.9"
    "@vitest/snapshot" "4.1.9"
    "@vitest/spy" "4.1.9"
    "@vitest/utils" "4.1.9"
    es-module-lexer "^2.0.0"
    expect-type "^1.3.0"
    magic-string "^0.30.21"
    obug "^2.1.1"
    pathe "^2.0.3"
    picomatch "^4.0.3"
    std-env "^4.0.0-rc.1"
    tinybench "^2.9.0"
    tinyexec "^1.0.2"
    tinyglobby "^0.2.15"
    tinyrainbow "^3.1.0"
    vite "^6.0.0 || ^7.0.0 || ^8.0.0"
    why-is-node-running "^2.3.0"

web-streams-polyfill@4.0.0-beta.3:
  version "4.0.0-beta.3"
  resolved "https://registry.yarnpkg.com/web-streams-polyfill/-/web-streams-polyfill-4.0.0-beta.3.tgz#2898486b74f5156095e473efe989dcf185047a38"
  integrity sha512-QW95TCTaHmsYfHDybGMwO5IJIM93I/6vTRk+daHTWFPhwh+C8Cg7j7XyKrwrj8Ib6vYXe0ocYNrmzY4xAAN6ug==

webidl-conversions@^3.0.0:
  version "3.0.1"
  resolved "https://registry.yarnpkg.com/webidl-conversions/-/webidl-conversions-3.0.1.tgz#24534275e2a7bc6be7bc86611cc16ae0a5654871"
  integrity sha512-2JAn3z8AR6rjK8Sm8orRC0h/bcl/DqL7tRPdGZ4I1CjdF+EaMLmYxBHyXuKL849eucPFhvBoxMsflfOb8kxaeQ==

whatwg-url@^5.0.0:
  version "5.0.0"
  resolved "https://registry.yarnpkg.com/whatwg-url/-/whatwg-url-5.0.0.tgz#966454e8765462e37644d3626f6742ce8b70965d"
  integrity sha512-saE57nupxk6v3HY35+jzBwYa0rKSy0XR8JSxZPwgLr7ys0IBzhGviA1/TUGJLmSVqs8pb9AnvICXEuOHLprYTw==
  dependencies:
    tr46 "~0.0.3"
    webidl-conversions "^3.0.0"

why-is-node-running@^2.3.0:
  version "2.3.0"
  resolved "https://registry.yarnpkg.com/why-is-node-running/-/why-is-node-running-2.3.0.tgz#a3f69a97107f494b3cdc3bdddd883a7d65cebf04"
  integrity sha512-hUrmaWBdVDcxvYqnyh09zunKzROWjbZTiNy8dBEjkS7ehEDQibXJ7XvlmtbwuTclUiIyN+CyXQD4Vmko8fNm8w==
  dependencies:
    siginfo "^2.0.0"
    stackback "0.0.2"

zod-to-json-schema@^3.25.2:
  version "3.25.2"
  resolved "https://registry.yarnpkg.com/zod-to-json-schema/-/zod-to-json-schema-3.25.2.tgz#3fa799a7badd554541472fb65843fdc460b2e5aa"
  integrity sha512-O/PgfnpT1xKSDeQYSCfRI5Gy3hPf91mKVDuYLUHZJMiDFptvP41MSnWofm8dnCm0256ZNfZIM7DSzuSMAFnjHA==

zod@^3.25.76:
  version "3.25.76"
  resolved "https://registry.yarnpkg.com/zod/-/zod-3.25.76.tgz#26841c3f6fd22a6a2760e7ccb719179768471e34"
  integrity sha512-gzUt/qt81nXsFGKIFcC3YnfEAx5NkunCfnDlvuBSSFS02bcXu4Lmea0AFIUwbLWxWPx3d9p8S5QoaujKcNQxcQ==
